
Microsoft Visual Studio Solution File, Format Version 12.00
# Visual Studio Version 17
VisualStudioVersion = 17.0.32014.148
MinimumVisualStudioVersion = 10.0.40219.1
Project("{FAE04EC0-301F-11D3-BF4B-00C04F79EFBC}") = "TimeSpanStringsCalculator", "TimeSpanStringsCalculator\TimeSpanStringsCalculator.csproj", "{4172FDB7-B10D-4F0B-9C43-87B5D73B85D4}"
EndProject
Project("{FAE04EC0-301F-11D3-BF4B-00C04F79EFBC}") = "TimeSpanStringsCalculator.Tests", "TimeSpanStringsCalculator.Tests\TimeSpanStringsCalculator.Tests.csproj", "{2C7BAD32-B71A-4893-81C7-1B913826D42E}"
EndProject
Global
	GlobalSection(SolutionConfigurationPlatforms) = preSolution
		Debug|Any CPU = Debug|Any CPU
		Release|Any CPU = Release|Any CPU
	EndGlobalSection
	GlobalSection(ProjectConfigurationPlatforms) = postSolution
		{4172FDB7-B10D-4F0B-9C43-87B5D73B85D4}.Debug|Any CPU.ActiveCfg = Debug|Any CPU
		{4172FDB7-B10D-4F0B-9C43-87B5D73B85D4}.Debug|Any CPU.Build.0 = Debug|Any CPU
		{4172FDB7-B10D-4F0B-9C43-87B5D73B85D4}.Release|Any CPU.ActiveCfg = Release|Any CPU
		{4172FDB7-B10D-4F0B-9C43-87B5D73B85D4}.Release|Any CPU.Build.0 = Release|Any CPU
		{2C7BAD32-B71A-4893-81C7-1B913826D42E}.Debug|Any CPU.ActiveCfg = Debug|Any CPU
		{2C7BAD32-B71A-4893-81C7-1B913826D42E}.Debug|Any CPU.Build.0 = Debug|Any CPU
		{2C7BAD32-B71A-4893-81C7-1B913826D42E}.Release|Any CPU.ActiveCfg = Release|Any CPU
		{2C7BAD32-B71A-4893-81C7-1B913826D42E}.Release|Any CPU.Build.0 = Release|Any CPU
	EndGlobalSection
	GlobalSection(SolutionProperties) = preSolution
		HideSolutionNode = FALSE
	EndGlobalSection
	GlobalSection(ExtensibilityGlobals) = postSolution
		SolutionGuid = {1B0C4008-DD6F-4AAC-AA24-10732DFECF60}
	EndGlobalSection
EndGlobal
